
Microsoft Visual Studio Solution File, Format Version 12.00
# Visual Studio Version 17
VisualStudioVersion = 17.6.33712.159
MinimumVisualStudioVersion = 10.0.40219.1
Project("{FAE04EC0-301F-11D3-BF4B-00C04F79EFBC}") = "f--.core", "f--.core\f--.core.csproj", "{8478A156-25DB-4F2A-ABD1-31EAC73CE040}"
EndProject
Global
	GlobalSection(SolutionConfigurationPlatforms) = preSolution
		Debug|Any CPU = Debug|Any CPU
		Release|Any CPU = Release|Any CPU
	EndGlobalSection
	GlobalSection(ProjectConfigurationPlatforms) = postSolution
		{8478A156-25DB-4F2A-ABD1-31EAC73CE040}.Debug|Any CPU.ActiveCfg = Debug|Any CPU
		{8478A156-25DB-4F2A-ABD1-31EAC73CE040}.Debug|Any CPU.Build.0 = Debug|Any CPU
		{8478A156-25DB-4F2A-ABD1-31EAC73CE040}.Release|Any CPU.ActiveCfg = Release|Any CPU
		{8478A156-25DB-4F2A-ABD1-31EAC73CE040}.Release|Any CPU.Build.0 = Release|Any CPU
	EndGlobalSection
	GlobalSection(SolutionProperties) = preSolution
		HideSolutionNode = FALSE
	EndGlobalSection
	GlobalSection(ExtensibilityGlobals) = postSolution
		SolutionGuid = {D658A16A-E4DE-49F6-8EF2-3BC5094EFDEB}
	EndGlobalSection
EndGlobal
